# This file is automatically @generated by Poetry 1.4.1 and should not be changed by hand.

[[package]]
name = "importlib-resources"
version = "5.12.0"
description = "Read resources from Python packages"
category = "main"
optional = false
python-versions = ">=3.7"
files = [
    {file = "importlib_resources-5.12.0-py3-none-any.whl", hash = "sha256:7b1deeebbf351c7578e09bf2f63fa2ce8b5ffec296e0d349139d43cca061a81a"},
    {file = "importlib_resources-5.12.0.tar.gz", hash = "sha256:4be82589bf5c1d7999aedf2a45159d10cb3ca4f19b2271f8792bc8e6da7b22f6"},
]

[package.dependencies]
zipp = {version = ">=3.1.0", markers = "python_version < \"3.10\""}

[package.extras]
docs = ["furo", "jaraco.packaging (>=9)", "jaraco.tidelift (>=1.4)", "rst.linker (>=1.9)", "sphinx (>=3.5)", "sphinx-lint"]
testing = ["flake8 (<5)", "pytest (>=6)", "pytest-black (>=0.3.7)", "pytest-checkdocs (>=2.4)", "pytest-cov", "pytest-enabler (>=1.3)", "pytest-flake8", "pytest-mypy (>=0.9.1)"]

[[package]]
name = "platformdirs"
version = "3.1.0"
description = "A small Python package for determining appropriate platform-specific dirs, e.g. a \"user data dir\"."
category = "main"
optional = false
python-versions = ">=3.7"
files = [
    {file = "platformdirs-3.1.0-py3-none-any.whl", hash = "sha256:13b08a53ed71021350c9e300d4ea8668438fb0046ab3937ac9a29913a1a1350a"},
    {file = "platformdirs-3.1.0.tar.gz", hash = "sha256:accc3665857288317f32c7bebb5a8e482ba717b474f3fc1d18ca7f9214be0cef"},
]

[package.dependencies]
typing-extensions = {version = ">=4.4", markers = "python_version < \"3.8\""}

[package.extras]
docs = ["furo (>=2022.12.7)", "proselint (>=0.13)", "sphinx (>=6.1.3)", "sphinx-autodoc-typehints (>=1.22,!=1.23.4)"]
test = ["appdirs (==1.4.4)", "covdefaults (>=2.2.2)", "pytest (>=7.2.1)", "pytest-cov (>=4)", "pytest-mock (>=3.10)"]

[[package]]
name = "pygame"
version = "2.2.0"
description = "Python Game Development"
category = "main"
optional = false
python-versions = ">=3.6"
files = [
    {file = "pygame-2.2.0-cp310-cp310-macosx_10_9_x86_64.whl", hash = "sha256:ab87bbafc712bf64fb4e22c9a8a90e974855a09563f58e3f38c79373bb473c85"},
    {file = "pygame-2.2.0-cp310-cp310-macosx_11_0_arm64.whl", hash = "sha256:f8b2f9dd8aa2761372df0c733e1f226d6efd09e044de64c31e84130cfb092934"},
    {file = "pygame-2.2.0-cp310-cp310-manylinux_2_12_i686.manylinux2010_i686.whl", hash = "sha256:1bdeb4961bf4a2678954ef918f881751ec1e82f2734e3ac0fb1cd7fddbcc8c0a"},
    {file = "pygame-2.2.0-cp310-cp310-manylinux_2_12_x86_64.manylinux2010_x86_64.whl", hash = "sha256:dac9e207794c1467281573860b6bd5db203c46b43d105320eaf9ac18fc4031d0"},
    {file = "pygame-2.2.0-cp310-cp310-manylinux_2_17_aarch64.manylinux2014_aarch64.whl", hash = "sha256:73277d5b1b9c4cacb29f8fab4b7aef4fdcb32c5dbbf085672dda01cfea120504"},
    {file = "pygame-2.2.0-cp310-cp310-manylinux_2_17_i686.manylinux2014_i686.whl", hash = "sha256:b523d00bbeff8ef9418b95c78d032f78e7e4ca83487a20ec0f84d2cd2afe8366"},
    {file = "pygame-2.2.0-cp310-cp310-manylinux_2_17_x86_64.manylinux2014_x86_64.whl", hash = "sha256:381fa033fa8f1d130ec32975d5407f386372d32f2b40015d57277a277db9f723"},
    {file = "pygame-2.2.0-cp310-cp310-win32.whl", hash = "sha256:2810bbbd22016299f5d16ddcf0b446ca264cc507e6ce131c4d12c3425734eeaa"},
    {file = "pygame-2.2.0-cp310-cp310-win_amd64.whl", hash = "sha256:e17de19d7137fb169c9302e12894b8e8cbc4a3dab85b8f86fcd1c83a93849c3b"},
    {file = "pygame-2.2.0-cp311-cp311-macosx_10_9_x86_64.whl", hash = "sha256:e75766f2a1d0c5ef34c253dbe08f188ca3d211c7e6e1c4bf4fd128115c9c0299"},
    {file = "pygame-2.2.0-cp311-cp311-macosx_11_0_arm64.whl", hash = "sha256:6cfb45e881d412df333dbcba39e71d0e3155eb52affd900bac0770c56f870435"},
    {file = "pygame-2.2.0-cp311-cp311-manylinux_2_17_aarch64.manylinux2014_aarch64.whl", hash = "sha256:79f416f860507f3a4946d8811dd002367f50f2cc307ff100d323388cd68dd227"},
    {file = "pygame-2.2.0-cp311-cp311-manylinux_2_17_i686.manylinux2014_i686.whl", hash = "sha256:6015baba3be040f3f982e8f5396ea36352f0ea5570dd6c2f0b1c9c0d16d1a448"},
    {file = "pygame-2.2.0-cp311-cp311-manylinux_2_17_x86_64.manylinux2014_x86_64.whl", hash = "sha256:e65d8b29cf038f758b6617481994fe8b917e21b86756c153dad6a2d62e1ca050"},
    {file = "pygame-2.2.0-cp311-cp311-win32.whl", hash = "sha256:ef866888f9a6d1ca5822f5caaba89f93a85beba15186ee66766eec67fe908256"},
    {file = "pygame-2.2.0-cp311-cp311-win_amd64.whl", hash = "sha256:e344d07ef341e49315c204a370abba8a0b02fa7efea1b528696b22b3f30a60aa"},
    {file = "pygame-2.2.0-cp36-cp36m-macosx_10_9_x86_64.whl", hash = "sha256:2d6142a784bbef3f1680ece65b7cc4acc2e5c1433c1ff4f7f9ca6c30a38bb7df"},
    {file = "pygame-2.2.0-cp36-cp36m-manylinux_2_12_i686.manylinux2010_i686.whl", hash = "sha256:649fb006abbaf74005e931e855a9fb1583e7f2c52393a0d1038335f756d2d33a"},
    {file = "pygame-2.2.0-cp36-cp36m-manylinux_2_12_x86_64.manylinux2010_x86_64.whl", hash = "sha256:677e57472ab13508847c69385e6b998152684f92a733babf345129595e4b781d"},
    {file = "pygame-2.2.0-cp36-cp36m-manylinux_2_17_aarch64.manylinux2014_aarch64.whl", hash = "sha256:43049d7e04e3f8101d14c1bc71a1d117e4092283e45f2488cfc1733f44722152"},
    {file = "pygame-2.2.0-cp36-cp36m-manylinux_2_17_i686.manylinux2014_i686.whl", hash = "sha256:7f6d16040c1676b29757f308819fbf69b0994f4e140f1782b26de6988b50736f"},
    {file = "pygame-2.2.0-cp36-cp36m-manylinux_2_17_x86_64.manylinux2014_x86_64.whl", hash = "sha256:20e85152b2b89259b44eb8f563e86a9e2f27f663f243edb7f764f1b355ee86b3"},
    {file = "pygame-2.2.0-cp36-cp36m-manylinux_2_5_i686.manylinux1_i686.whl", hash = "sha256:fdb87b944d861e0fc1f2f872eb2ebc75e8a6aca892937df3f7242f27ff45e2a4"},
    {file = "pygame-2.2.0-cp36-cp36m-manylinux_2_5_x86_64.manylinux1_x86_64.whl", hash = "sha256:b1129745eef343488c69b5e311a86e13f1e497077d562058e07773cc8813fab1"},
    {file = "pygame-2.2.0-cp36-cp36m-win32.whl", hash = "sha256:8feaaa82cb33243234d97892c5b2dd18a172071a6bb4ad3fe0d64880e5353e69"},
    {file = "pygame-2.2.0-cp36-cp36m-win_amd64.whl", hash = "sha256:af5355f4a7b317e994ec100b5608bfd7da8261a221a66a6964f94c59ff269afd"},
    {file = "pygame-2.2.0-cp37-cp37m-macosx_10_9_x86_64.whl", hash = "sha256:f5c40802e7e0947ad8527ce347413d4355c0cecdb1bae0696a1cf74ad5c5f84d"},
    {file = "pygame-2.2.0-cp37-cp37m-manylinux_2_12_i686.manylinux2010_i686.whl", hash = "sha256:d66247f1a989fc02737bbda4e25a5aa06ede4dcde8122ca295a1ec3fd09364c8"},
    {file = "pygame-2.2.0-cp37-cp37m-manylinux_2_12_x86_64.manylinux2010_x86_64.whl", hash = "sha256:0f9b905d3c9a1908f2c6ba313ac864c52865688f0b9484b9519aa53195ec89c3"},
    {file = "pygame-2.2.0-cp37-cp37m-manylinux_2_17_aarch64.manylinux2014_aarch64.whl", hash = "sha256:6de9b5023d5e3767a7f0634f9e692b6d13a947a66a6d9590bff124ce14c8f499"},
    {file = "pygame-2.2.0-cp37-cp37m-manylinux_2_17_i686.manylinux2014_i686.whl", hash = "sha256:257e9714552546a43aab94f224edccb5f22458532a702b81fdf513c54b5fa6da"},
    {file = "pygame-2.2.0-cp37-cp37m-manylinux_2_17_x86_64.manylinux2014_x86_64.whl", hash = "sha256:fbbb0ed0152d31de7a00faf7053b5b0f0813679e2b8e5db804aea0a79b20d278"},
    {file = "pygame-2.2.0-cp37-cp37m-manylinux_2_5_i686.manylinux1_i686.whl", hash = "sha256:618244dc03f00df8dcce764c22091791b664acd655cbb8f0c235db15ea5a36c9"},
    {file = "pygame-2.2.0-cp37-cp37m-manylinux_2_5_x86_64.manylinux1_x86_64.whl", hash = "sha256:6057e08a42bc113cc4adf309436a04b993beb11e29db4ae8a516fdbf53874b59"},
    {file = "pygame-2.2.0-cp37-cp37m-win32.whl", hash = "sha256:90219b8000d07993b1c69677c0be6e3d8e1f103051b7e37b99aabe4a7f540832"},
    {file = "pygame-2.2.0-cp37-cp37m-win_amd64.whl", hash = "sha256:2bf544fd0f07af4290c91159789957508df19df4f728a42661531dc46c3d9b80"},
    {file = "pygame-2.2.0-cp38-cp38-macosx_10_9_x86_64.whl", hash = "sha256:22bb55a57d6faeaa82e9efcfa3c09a5bc909b4c0fea8d103e27cebdd00c9b992"},
    {file = "pygame-2.2.0-cp38-cp38-macosx_11_0_arm64.whl", hash = "sha256:723c297f702af48afdbacb0165b0ada9c1d2eb8ec77e45e2561536fbd56738f0"},
    {file = "pygame-2.2.0-cp38-cp38-manylinux_2_12_i686.manylinux2010_i686.whl", hash = "sha256:6f216af455ad3c1ef537e3bdd85f40dfc73ccb079328216ee98be6c30f9ac91f"},
    {file = "pygame-2.2.0-cp38-cp38-manylinux_2_12_x86_64.manylinux2010_x86_64.whl", hash = "sha256:720f03e06d779174c2a867fa65ad58807cd12e48052d38a4398c96ff7d4ae940"},
    {file = "pygame-2.2.0-cp38-cp38-manylinux_2_17_aarch64.manylinux2014_aarch64.whl", hash = "sha256:6ab8b06dd4b75a7cfc5aa652625bebeb99fcf190221019bcfd28daf3fa221f78"},
    {file = "pygame-2.2.0-cp38-cp38-manylinux_2_17_i686.manylinux2014_i686.whl", hash = "sha256:cd05cf88bd12d41e5002809fee097dc592dd24697bcd110a33505a6c2c28dd4a"},
    {file = "pygame-2.2.0-cp38-cp38-manylinux_2_17_x86_64.manylinux2014_x86_64.whl", hash = "sha256:c3dd5b5d3b765810180ee10e0c1b2101fff28b98f756ff2331463c9947df0120"},
    {file = "pygame-2.2.0-cp38-cp38-manylinux_2_5_i686.manylinux1_i686.whl", hash = "sha256:9ed7d65ea3db3978506aeffdd36776884a832d1c3542c1ff582a0bc31916010a"},
    {file = "pygame-2.2.0-cp38-cp38-manylinux_2_5_x86_64.manylinux1_x86_64.whl", hash = "sha256:d177cbea4ea913c49c5225049c488ea82d30c3004862de7d50611ad3144d28ad"},
    {file = "pygame-2.2.0-cp38-cp38-win32.whl", hash = "sha256:c2a12c6cf41058c947fbbb08edcc777cb6631636385b6bbc38783bb759930b39"},
    {file = "pygame-2.2.0-cp38-cp38-win_amd64.whl", hash = "sha256:012a233fce1367d8813070e394246050320ed0897e89e008f05c185572a6c523"},
    {file = "pygame-2.2.0-cp39-cp39-macosx_10_9_x86_64.whl", hash = "sha256:5a3f188cda812a370bd276163b860db431045fe44d8874c12cd459c2e6e65cb9"},
    {file = "pygame-2.2.0-cp39-cp39-macosx_11_0_arm64.whl", hash = "sha256:d24e6ef51adf6a1f7ca625a2085714094b8627624503005bb660bf077c6d51b5"},
    {file = "pygame-2.2.0-cp39-cp39-manylinux_2_12_i686.manylinux2010_i686.whl", hash = "sha256:792fc1be24d159b62337bb850300a899a9be1d67ad4b5a32cdc794e4749a116d"},
    {file = "pygame-2.2.0-cp39-cp39-manylinux_2_12_x86_64.manylinux2010_x86_64.whl", hash = "sha256:2b81e22402a3908273ddc67a09e7880f44c28f7499a9ecd5a5b5c14490415c05"},
    {file = "pygame-2.2.0-cp39-cp39-manylinux_2_17_aarch64.manylinux2014_aarch64.whl", hash = "sha256:8aa8e7fe0fc70b4480f77794b2ee8b5aaabc1f34051d019d65b0e512dfb36678"},
    {file = "pygame-2.2.0-cp39-cp39-manylinux_2_17_i686.manylinux2014_i686.whl", hash = "sha256:6bf82b0aa3534ca0b8312cbd0e94e3acff153cdbe5b5407eb123bbac14d96f4f"},
    {file = "pygame-2.2.0-cp39-cp39-manylinux_2_17_x86_64.manylinux2014_x86_64.whl", hash = "sha256:a40687b476ffdb68a40204b05b09df37e2e8df1117e3037c43ae5d690c27c58e"},
    {file = "pygame-2.2.0-cp39-cp39-manylinux_2_5_i686.manylinux1_i686.whl", hash = "sha256:2fc1072d13cdd2e8d08fe959e1134343679e2757eaff3656c69b7d18e70d488e"},
    {file = "pygame-2.2.0-cp39-cp39-manylinux_2_5_x86_64.manylinux1_x86_64.whl", hash = "sha256:8927dec320dd2b6bd8e29d841201534a487bf5332b1b76bacd8b2bfd40d18458"},
    {file = "pygame-2.2.0-cp39-cp39-win32.whl", hash = "sha256:862c04467156901c37f7acdab96a0becc57e129287f852003705dd02be7be24a"},
    {file = "pygame-2.2.0-cp39-cp39-win_amd64.whl", hash = "sha256:1812138bb9cfe61e7e9821250d418b66263dd6dbd11757bdc2b7c17d00806e5f"},
    {file = "pygame-2.2.0-pp36-pypy36_pp73-win32.whl", hash = "sha256:d5d2fccfc109d0f483b1d801650121ca9f8f51260d61fb64c15412455504612c"},
    {file = "pygame-2.2.0-pp37-pypy37_pp73-manylinux_2_17_i686.manylinux2014_i686.whl", hash = "sha256:dc59ccd474948522f2c6cb1a72962b826659eb52e4bb031e5575e8986d43c8dc"},
    {file = "pygame-2.2.0-pp37-pypy37_pp73-manylinux_2_17_x86_64.manylinux2014_x86_64.whl", hash = "sha256:ae66ce9165ab20c0b484eb660dd8fedbc44f0101d62cb7d780a5bcb7ee72ba2c"},
    {file = "pygame-2.2.0-pp38-pypy38_pp73-macosx_10_9_x86_64.whl", hash = "sha256:da064b730c8be76a1b320771a605819f4e364fbcede6555d2905c84970b4e36c"},
    {file = "pygame-2.2.0-pp38-pypy38_pp73-manylinux_2_17_i686.manylinux2014_i686.whl", hash = "sha256:7fcd187835276b99136fbea94f158aaff2cd92352913f01a47ee909917126485"},
    {file = "pygame-2.2.0-pp38-pypy38_pp73-manylinux_2_17_x86_64.manylinux2014_x86_64.whl", hash = "sha256:4c0c98ae429bd275c098019ec917a1f8ecde03667c69db02dbd909327df67ebe"},
    {file = "pygame-2.2.0-pp39-pypy39_pp73-macosx_10_9_x86_64.whl", hash = "sha256:a274b99012ac340e308c21e838b49c0f2dc1f10ea28436a4994712a3b028d79e"},
    {file = "pygame-2.2.0-pp39-pypy39_pp73-manylinux_2_17_i686.manylinux2014_i686.whl", hash = "sha256:90093d731823caf864cfb8f4b88ed31604f164a46ea49c5f5551c4dc4b665fbb"},
    {file = "pygame-2.2.0-pp39-pypy39_pp73-manylinux_2_17_x86_64.manylinux2014_x86_64.whl", hash = "sha256:20b0015f7d86b765611141460496ba9669b13dcd956f6d05685e23fe70a7559a"},
    {file = "pygame-2.2.0.tar.gz", hash = "sha256:c64d06a97dd7fcdb8433c1c846757e9d253a36e49e579daeab090caeb6b2ef31"},
]

[[package]]
name = "pygame-gui"
version = "0.6.8"
description = "A GUI module for pygame 2"
category = "main"
optional = false
python-versions = ">=3.7"
files = [
    {file = "pygame_gui-0.6.8-py3-none-any.whl", hash = "sha256:c7009ea9fea9f7850c51501c18c6ae8dc3bbfe8795e32659dc339021ae4f46c2"},
]

[package.dependencies]
importlib-resources = {version = ">1.3", markers = "python_version < \"3.9\""}
pygame = ">=2.0.1"
python-i18n = ">=0.3.9"
typing-extensions = {version = "*", markers = "python_version < \"3.8\""}

[[package]]
name = "python-i18n"
version = "0.3.9"
description = "Translation library for Python"
category = "main"
optional = false
python-versions = "*"
files = [
    {file = "python-i18n-0.3.9.tar.gz", hash = "sha256:df97f3d2364bf3a7ebfbd6cbefe8e45483468e52a9e30b909c6078f5f471e4e8"},
    {file = "python_i18n-0.3.9-py3-none-any.whl", hash = "sha256:bda5b8d889ebd51973e22e53746417bd32783c9bd6780fd27cadbb733915651d"},
]

[package.extras]
yaml = ["pyyaml (>=3.10)"]

[[package]]
name = "typing-extensions"
version = "4.5.0"
description = "Backported and Experimental Type Hints for Python 3.7+"
category = "main"
optional = false
python-versions = ">=3.7"
files = [
    {file = "typing_extensions-4.5.0-py3-none-any.whl", hash = "sha256:fb33085c39dd998ac16d1431ebc293a8b3eedd00fd4a32de0ff79002c19511b4"},
    {file = "typing_extensions-4.5.0.tar.gz", hash = "sha256:5cb5f4a79139d699607b3ef622a1dedafa84e115ab0024e0d9c044a9479ca7cb"},
]

[[package]]
name = "ujson"
version = "5.7.0"
description = "Ultra fast JSON encoder and decoder for Python"
category = "main"
optional = false
python-versions = ">=3.7"
files = [
    {file = "ujson-5.7.0-cp310-cp310-macosx_10_9_x86_64.whl", hash = "sha256:5eba5e69e4361ac3a311cf44fa71bc619361b6e0626768a494771aacd1c2f09b"},
    {file = "ujson-5.7.0-cp310-cp310-macosx_11_0_arm64.whl", hash = "sha256:aae4d9e1b4c7b61780f0a006c897a4a1904f862fdab1abb3ea8f45bd11aa58f3"},
    {file = "ujson-5.7.0-cp310-cp310-manylinux_2_17_aarch64.manylinux2014_aarch64.whl", hash = "sha256:d2e43ccdba1cb5c6d3448eadf6fc0dae7be6c77e357a3abc968d1b44e265866d"},
    {file = "ujson-5.7.0-cp310-cp310-manylinux_2_17_x86_64.manylinux2014_x86_64.whl", hash = "sha256:54384ce4920a6d35fa9ea8e580bc6d359e3eb961fa7e43f46c78e3ed162d56ff"},
    {file = "ujson-5.7.0-cp310-cp310-manylinux_2_5_i686.manylinux1_i686.manylinux_2_17_i686.manylinux2014_i686.whl", hash = "sha256:24ad1aa7fc4e4caa41d3d343512ce68e41411fb92adf7f434a4d4b3749dc8f58"},
    {file = "ujson-5.7.0-cp310-cp310-musllinux_1_1_aarch64.whl", hash = "sha256:afff311e9f065a8f03c3753db7011bae7beb73a66189c7ea5fcb0456b7041ea4"},
    {file = "ujson-5.7.0-cp310-cp310-musllinux_1_1_i686.whl", hash = "sha256:6e80f0d03e7e8646fc3d79ed2d875cebd4c83846e129737fdc4c2532dbd43d9e"},
    {file = "ujson-5.7.0-cp310-cp310-musllinux_1_1_x86_64.whl", hash = "sha256:137831d8a0db302fb6828ee21c67ad63ac537bddc4376e1aab1c8573756ee21c"},
    {file = "ujson-5.7.0-cp310-cp310-win32.whl", hash = "sha256:7df3fd35ebc14dafeea031038a99232b32f53fa4c3ecddb8bed132a43eefb8ad"},
    {file = "ujson-5.7.0-cp310-cp310-win_amd64.whl", hash = "sha256:af4639f684f425177d09ae409c07602c4096a6287027469157bfb6f83e01448b"},
    {file = "ujson-5.7.0-cp311-cp311-macosx_10_9_x86_64.whl", hash = "sha256:9b0f2680ce8a70f77f5d70aaf3f013d53e6af6d7058727a35d8ceb4a71cdd4e9"},
    {file = "ujson-5.7.0-cp311-cp311-macosx_11_0_arm64.whl", hash = "sha256:67a19fd8e7d8cc58a169bea99fed5666023adf707a536d8f7b0a3c51dd498abf"},
    {file = "ujson-5.7.0-cp311-cp311-manylinux_2_17_aarch64.manylinux2014_aarch64.whl", hash = "sha256:6abb8e6d8f1ae72f0ed18287245f5b6d40094e2656d1eab6d99d666361514074"},
    {file = "ujson-5.7.0-cp311-cp311-manylinux_2_17_x86_64.manylinux2014_x86_64.whl", hash = "sha256:d8cd622c069368d5074bd93817b31bdb02f8d818e57c29e206f10a1f9c6337dd"},
    {file = "ujson-5.7.0-cp311-cp311-manylinux_2_5_i686.manylinux1_i686.manylinux_2_17_i686.manylinux2014_i686.whl", hash = "sha256:14f9082669f90e18e64792b3fd0bf19f2b15e7fe467534a35ea4b53f3bf4b755"},
    {file = "ujson-5.7.0-cp311-cp311-musllinux_1_1_aarch64.whl", hash = "sha256:d7ff6ebb43bc81b057724e89550b13c9a30eda0f29c2f506f8b009895438f5a6"},
    {file = "ujson-5.7.0-cp311-cp311-musllinux_1_1_i686.whl", hash = "sha256:f7f241488879d91a136b299e0c4ce091996c684a53775e63bb442d1a8e9ae22a"},
    {file = "ujson-5.7.0-cp311-cp311-musllinux_1_1_x86_64.whl", hash = "sha256:5593263a7fcfb934107444bcfba9dde8145b282de0ee9f61e285e59a916dda0f"},
    {file = "ujson-5.7.0-cp311-cp311-win32.whl", hash = "sha256:26c2b32b489c393106e9cb68d0a02e1a7b9d05a07429d875c46b94ee8405bdb7"},
    {file = "ujson-5.7.0-cp311-cp311-win_amd64.whl", hash = "sha256:ed24406454bb5a31df18f0a423ae14beb27b28cdfa34f6268e7ebddf23da807e"},
    {file = "ujson-5.7.0-cp37-cp37m-macosx_10_9_x86_64.whl", hash = "sha256:18679484e3bf9926342b1c43a3bd640f93a9eeeba19ef3d21993af7b0c44785d"},
    {file = "ujson-5.7.0-cp37-cp37m-manylinux_2_17_aarch64.manylinux2014_aarch64.whl", hash = "sha256:0ee295761e1c6c30400641f0a20d381633d7622633cdf83a194f3c876a0e4b7e"},
    {file = "ujson-5.7.0-cp37-cp37m-manylinux_2_17_x86_64.manylinux2014_x86_64.whl", hash = "sha256:b738282e12a05f400b291966630a98d622da0938caa4bc93cf65adb5f4281c60"},
    {file = "ujson-5.7.0-cp37-cp37m-manylinux_2_5_i686.manylinux1_i686.manylinux_2_17_i686.manylinux2014_i686.whl", hash = "sha256:00343501dbaa5172e78ef0e37f9ebd08040110e11c12420ff7c1f9f0332d939e"},
    {file = "ujson-5.7.0-cp37-cp37m-musllinux_1_1_aarch64.whl", hash = "sha256:c0d1f7c3908357ee100aa64c4d1cf91edf99c40ac0069422a4fd5fd23b263263"},
    {file = "ujson-5.7.0-cp37-cp37m-musllinux_1_1_i686.whl", hash = "sha256:a5d2f44331cf04689eafac7a6596c71d6657967c07ac700b0ae1c921178645da"},
    {file = "ujson-5.7.0-cp37-cp37m-musllinux_1_1_x86_64.whl", hash = "sha256:16b2254a77b310f118717715259a196662baa6b1f63b1a642d12ab1ff998c3d7"},
    {file = "ujson-5.7.0-cp37-cp37m-win32.whl", hash = "sha256:6faf46fa100b2b89e4db47206cf8a1ffb41542cdd34dde615b2fc2288954f194"},
    {file = "ujson-5.7.0-cp37-cp37m-win_amd64.whl", hash = "sha256:ff0004c3f5a9a6574689a553d1b7819d1a496b4f005a7451f339dc2d9f4cf98c"},
    {file = "ujson-5.7.0-cp38-cp38-macosx_10_9_x86_64.whl", hash = "sha256:75204a1dd7ec6158c8db85a2f14a68d2143503f4bafb9a00b63fe09d35762a5e"},
    {file = "ujson-5.7.0-cp38-cp38-macosx_11_0_arm64.whl", hash = "sha256:7312731c7826e6c99cdd3ac503cd9acd300598e7a80bcf41f604fee5f49f566c"},
    {file = "ujson-5.7.0-cp38-cp38-manylinux_2_17_aarch64.manylinux2014_aarch64.whl", hash = "sha256:7b9dc5a90e2149643df7f23634fe202fed5ebc787a2a1be95cf23632b4d90651"},
    {file = "ujson-5.7.0-cp38-cp38-manylinux_2_17_x86_64.manylinux2014_x86_64.whl", hash = "sha256:b6a6961fc48821d84b1198a09516e396d56551e910d489692126e90bf4887d29"},
    {file = "ujson-5.7.0-cp38-cp38-manylinux_2_5_i686.manylinux1_i686.manylinux_2_17_i686.manylinux2014_i686.whl", hash = "sha256:b01a9af52a0d5c46b2c68e3f258fdef2eacaa0ce6ae3e9eb97983f5b1166edb6"},
    {file = "ujson-5.7.0-cp38-cp38-musllinux_1_1_aarch64.whl", hash = "sha256:b7316d3edeba8a403686cdcad4af737b8415493101e7462a70ff73dd0609eafc"},
    {file = "ujson-5.7.0-cp38-cp38-musllinux_1_1_i686.whl", hash = "sha256:4ee997799a23227e2319a3f8817ce0b058923dbd31904761b788dc8f53bd3e30"},
    {file = "ujson-5.7.0-cp38-cp38-musllinux_1_1_x86_64.whl", hash = "sha256:dda9aa4c33435147262cd2ea87c6b7a1ca83ba9b3933ff7df34e69fee9fced0c"},
    {file = "ujson-5.7.0-cp38-cp38-win32.whl", hash = "sha256:bea8d30e362180aafecabbdcbe0e1f0b32c9fa9e39c38e4af037b9d3ca36f50c"},
    {file = "ujson-5.7.0-cp38-cp38-win_amd64.whl", hash = "sha256:c96e3b872bf883090ddf32cc41957edf819c5336ab0007d0cf3854e61841726d"},
    {file = "ujson-5.7.0-cp39-cp39-macosx_10_9_x86_64.whl", hash = "sha256:6411aea4c94a8e93c2baac096fbf697af35ba2b2ed410b8b360b3c0957a952d3"},
    {file = "ujson-5.7.0-cp39-cp39-macosx_11_0_arm64.whl", hash = "sha256:3d3b3499c55911f70d4e074c626acdb79a56f54262c3c83325ffb210fb03e44d"},
    {file = "ujson-5.7.0-cp39-cp39-manylinux_2_17_aarch64.manylinux2014_aarch64.whl", hash = "sha256:341f891d45dd3814d31764626c55d7ab3fd21af61fbc99d070e9c10c1190680b"},
    {file = "ujson-5.7.0-cp39-cp39-manylinux_2_17_x86_64.manylinux2014_x86_64.whl", hash = "sha256:2f242eec917bafdc3f73a1021617db85f9958df80f267db69c76d766058f7b19"},
    {file = "ujson-5.7.0-cp39-cp39-manylinux_2_5_i686.manylinux1_i686.manylinux_2_17_i686.manylinux2014_i686.whl", hash = "sha256:c3af9f9f22a67a8c9466a32115d9073c72a33ae627b11de6f592df0ee09b98b6"},
    {file = "ujson-5.7.0-cp39-cp39-musllinux_1_1_aarch64.whl", hash = "sha256:4a3d794afbf134df3056a813e5c8a935208cddeae975bd4bc0ef7e89c52f0ce0"},
    {file = "ujson-5.7.0-cp39-cp39-musllinux_1_1_i686.whl", hash = "sha256:800bf998e78dae655008dd10b22ca8dc93bdcfcc82f620d754a411592da4bbf2"},
    {file = "ujson-5.7.0-cp39-cp39-musllinux_1_1_x86_64.whl", hash = "sha256:b5ac3d5c5825e30b438ea92845380e812a476d6c2a1872b76026f2e9d8060fc2"},
    {file = "ujson-5.7.0-cp39-cp39-win32.whl", hash = "sha256:cd90027e6d93e8982f7d0d23acf88c896d18deff1903dd96140613389b25c0dd"},
    {file = "ujson-5.7.0-cp39-cp39-win_amd64.whl", hash = "sha256:523ee146cdb2122bbd827f4dcc2a8e66607b3f665186bce9e4f78c9710b6d8ab"},
    {file = "ujson-5.7.0-pp37-pypy37_pp73-macosx_10_9_x86_64.whl", hash = "sha256:e87cec407ec004cf1b04c0ed7219a68c12860123dfb8902ef880d3d87a71c172"},
    {file = "ujson-5.7.0-pp37-pypy37_pp73-manylinux_2_17_aarch64.manylinux2014_aarch64.whl", hash = "sha256:bab10165db6a7994e67001733f7f2caf3400b3e11538409d8756bc9b1c64f7e8"},
    {file = "ujson-5.7.0-pp37-pypy37_pp73-manylinux_2_17_x86_64.manylinux2014_x86_64.whl", hash = "sha256:b522be14a28e6ac1cf818599aeff1004a28b42df4ed4d7bc819887b9dac915fc"},
    {file = "ujson-5.7.0-pp37-pypy37_pp73-manylinux_2_5_i686.manylinux1_i686.manylinux_2_17_i686.manylinux2014_i686.whl", hash = "sha256:7592f40175c723c032cdbe9fe5165b3b5903604f774ab0849363386e99e1f253"},
    {file = "ujson-5.7.0-pp37-pypy37_pp73-win_amd64.whl", hash = "sha256:ed22f9665327a981f288a4f758a432824dc0314e4195a0eaeb0da56a477da94d"},
    {file = "ujson-5.7.0-pp38-pypy38_pp73-macosx_10_9_x86_64.whl", hash = "sha256:adf445a49d9a97a5a4c9bb1d652a1528de09dd1c48b29f79f3d66cea9f826bf6"},
    {file = "ujson-5.7.0-pp38-pypy38_pp73-manylinux_2_17_aarch64.manylinux2014_aarch64.whl", hash = "sha256:64772a53f3c4b6122ed930ae145184ebaed38534c60f3d859d8c3f00911eb122"},
    {file = "ujson-5.7.0-pp38-pypy38_pp73-manylinux_2_17_x86_64.manylinux2014_x86_64.whl", hash = "sha256:35209cb2c13fcb9d76d249286105b4897b75a5e7f0efb0c0f4b90f222ce48910"},
    {file = "ujson-5.7.0-pp38-pypy38_pp73-manylinux_2_5_i686.manylinux1_i686.manylinux_2_17_i686.manylinux2014_i686.whl", hash = "sha256:90712dfc775b2c7a07d4d8e059dd58636bd6ff1776d79857776152e693bddea6"},
    {file = "ujson-5.7.0-pp38-pypy38_pp73-win_amd64.whl", hash = "sha256:0e4e8981c6e7e9e637e637ad8ffe948a09e5434bc5f52ecbb82b4b4cfc092bfb"},
    {file = "ujson-5.7.0-pp39-pypy39_pp73-macosx_10_9_x86_64.whl", hash = "sha256:581c945b811a3d67c27566539bfcb9705ea09cb27c4be0002f7a553c8886b817"},
    {file = "ujson-5.7.0-pp39-pypy39_pp73-manylinux_2_17_aarch64.manylinux2014_aarch64.whl", hash = "sha256:d36a807a24c7d44f71686685ae6fbc8793d784bca1adf4c89f5f780b835b6243"},
    {file = "ujson-5.7.0-pp39-pypy39_pp73-manylinux_2_17_x86_64.manylinux2014_x86_64.whl", hash = "sha256:8b4257307e3662aa65e2644a277ca68783c5d51190ed9c49efebdd3cbfd5fa44"},
    {file = "ujson-5.7.0-pp39-pypy39_pp73-manylinux_2_5_i686.manylinux1_i686.manylinux_2_17_i686.manylinux2014_i686.whl", hash = "sha256:ea7423d8a2f9e160c5e011119741682414c5b8dce4ae56590a966316a07a4618"},
    {file = "ujson-5.7.0-pp39-pypy39_pp73-win_amd64.whl", hash = "sha256:4c592eb91a5968058a561d358d0fef59099ed152cfb3e1cd14eee51a7a93879e"},
    {file = "ujson-5.7.0.tar.gz", hash = "sha256:e788e5d5dcae8f6118ac9b45d0b891a0d55f7ac480eddcb7f07263f2bcf37b23"},
]

[[package]]
name = "zipp"
version = "3.15.0"
description = "Backport of pathlib-compatible object wrapper for zip files"
category = "main"
optional = false
python-versions = ">=3.7"
files = [
    {file = "zipp-3.15.0-py3-none-any.whl", hash = "sha256:48904fc76a60e542af151aded95726c1a5c34ed43ab4134b597665c86d7ad556"},
    {file = "zipp-3.15.0.tar.gz", hash = "sha256:112929ad649da941c23de50f356a2b5570c954b65150642bccdd66bf194d224b"},
]

[package.extras]
docs = ["furo", "jaraco.packaging (>=9)", "jaraco.tidelift (>=1.4)", "rst.linker (>=1.9)", "sphinx (>=3.5)", "sphinx-lint"]
testing = ["big-O", "flake8 (<5)", "jaraco.functools", "jaraco.itertools", "more-itertools", "pytest (>=6)", "pytest-black (>=0.3.7)", "pytest-checkdocs (>=2.4)", "pytest-cov", "pytest-enabler (>=1.3)", "pytest-flake8", "pytest-mypy (>=0.9.1)"]

[metadata]
lock-version = "2.0"
python-versions = "^3.7"
content-hash = "9f79842eb147cc1efc1b6d56011d8ee75ef189d6e34ecc1b045f5b0815a2dba5"
